
Microsoft Visual Studio Solution File, Format Version 12.00
# Visual Studio Version 17
VisualStudioVersion = 17.0.31903.59
MinimumVisualStudioVersion = 10.0.40219.1
Project("{2150E333-8FDC-42A3-9474-1A3956D46DE8}") = "src", "src", "{827E0CD3-B72D-47B6-A68D-7590B98EB39B}"
EndProject
Project("{FAE04EC0-301F-11D3-BF4B-00C04F79EFBC}") = "AirControl.Core", "src\AirControl.Core\AirControl.Core.csproj", "{A772D4A6-635A-49A4-8431-C652CB2C3FF8}"
EndProject
Project("{FAE04EC0-301F-11D3-BF4B-00C04F79EFBC}") = "AirControl.Audio", "src\AirControl.Audio\AirControl.Audio.csproj", "{CE2812FD-A248-4A88-B667-1B291EDF9382}"
EndProject
Project("{FAE04EC0-301F-11D3-BF4B-00C04F79EFBC}") = "AirControl.App", "src\AirControl.App\AirControl.App.csproj", "{EA29C498-9D31-40E5-B9AC-6703EBB1CFC9}"
EndProject
Project("{2150E333-8FDC-42A3-9474-1A3956D46DE8}") = "tests", "tests", "{0AB3BF05-4346-4AA6-1389-037BE0695223}"
EndProject
Project("{FAE04EC0-301F-11D3-BF4B-00C04F79EFBC}") = "AirControl.Core.Tests", "tests\AirControl.Core.Tests\AirControl.Core.Tests.csproj", "{202A174E-6BF9-4238-AD97-A942370E1345}"
EndProject
Project("{FAE04EC0-301F-11D3-BF4B-00C04F79EFBC}") = "AirControl.Integration.Tests", "tests\AirControl.Integration.Tests\AirControl.Integration.Tests.csproj", "{139072F6-A096-4D7E-9B7F-F0B4EC8D3F19}"
EndProject
Global
	GlobalSection(SolutionConfigurationPlatforms) = preSolution
		Debug|Any CPU = Debug|Any CPU
		Debug|x64 = Debug|x64
		Debug|x86 = Debug|x86
		Release|Any CPU = Release|Any CPU
		Release|x64 = Release|x64
		Release|x86 = Release|x86
	EndGlobalSection
	GlobalSection(ProjectConfigurationPlatforms) = postSolution
		{A772D4A6-635A-49A4-8431-C652CB2C3FF8}.Debug|Any CPU.ActiveCfg = Debug|Any CPU
		{A772D4A6-635A-49A4-8431-C652CB2C3FF8}.Debug|Any CPU.Build.0 = Debug|Any CPU
		{A772D4A6-635A-49A4-8431-C652CB2C3FF8}.Debug|x64.ActiveCfg = Debug|Any CPU
		{A772D4A6-635A-49A4-8431-C652CB2C3FF8}.Debug|x64.Build.0 = Debug|Any CPU
		{A772D4A6-635A-49A4-8431-C652CB2C3FF8}.Debug|x86.ActiveCfg = Debug|Any CPU
		{A772D4A6-635A-49A4-8431-C652CB2C3FF8}.Debug|x86.Build.0 = Debug|Any CPU
		{A772D4A6-635A-49A4-8431-C652CB2C3FF8}.Release|Any CPU.ActiveCfg = Release|Any CPU
		{A772D4A6-635A-49A4-8431-C652CB2C3FF8}.Release|Any CPU.Build.0 = Release|Any CPU
		{A772D4A6-635A-49A4-8431-C652CB2C3FF8}.Release|x64.ActiveCfg = Release|Any CPU
		{A772D4A6-635A-49A4-8431-C652CB2C3FF8}.Release|x64.Build.0 = Release|Any CPU
		{A772D4A6-635A-49A4-8431-C652CB2C3FF8}.Release|x86.ActiveCfg = Release|Any CPU
		{A772D4A6-635A-49A4-8431-C652CB2C3FF8}.Release|x86.Build.0 = Release|Any CPU
		{CE2812FD-A248-4A88-B667-1B291EDF9382}.Debug|Any CPU.ActiveCfg = Debug|Any CPU
		{CE2812FD-A248-4A88-B667-1B291EDF9382}.Debug|Any CPU.Build.0 = Debug|Any CPU
		{CE2812FD-A248-4A88-B667-1B291EDF9382}.Debug|x64.ActiveCfg = Debug|Any CPU
		{CE2812FD-A248-4A88-B667-1B291EDF9382}.Debug|x64.Build.0 = Debug|Any CPU
		{CE2812FD-A248-4A88-B667-1B291EDF9382}.Debug|x86.ActiveCfg = Debug|Any CPU
		{CE2812FD-A248-4A88-B667-1B291EDF9382}.Debug|x86.Build.0 = Debug|Any CPU
		{CE2812FD-A248-4A88-B667-1B291EDF9382}.Release|Any CPU.ActiveCfg = Release|Any CPU
		{CE2812FD-A248-4A88-B667-1B291EDF9382}.Release|Any CPU.Build.0 = Release|Any CPU
		{CE2812FD-A248-4A88-B667-1B291EDF9382}.Release|x64.ActiveCfg = Release|Any CPU
		{CE2812FD-A248-4A88-B667-1B291EDF9382}.Release|x64.Build.0 = Release|Any CPU
		{CE2812FD-A248-4A88-B667-1B291EDF9382}.Release|x86.ActiveCfg = Release|Any CPU
		{CE2812FD-A248-4A88-B667-1B291EDF9382}.Release|x86.Build.0 = Release|Any CPU
		{EA29C498-9D31-40E5-B9AC-6703EBB1CFC9}.Debug|Any CPU.ActiveCfg = Debug|Any CPU
		{EA29C498-9D31-40E5-B9AC-6703EBB1CFC9}.Debug|Any CPU.Build.0 = Debug|Any CPU
		{EA29C498-9D31-40E5-B9AC-6703EBB1CFC9}.Debug|x64.ActiveCfg = Debug|Any CPU
		{EA29C498-9D31-40E5-B9AC-6703EBB1CFC9}.Debug|x64.Build.0 = Debug|Any CPU
		{EA29C498-9D31-40E5-B9AC-6703EBB1CFC9}.Debug|x86.ActiveCfg = Debug|Any CPU
		{EA29C498-9D31-40E5-B9AC-6703EBB1CFC9}.Debug|x86.Build.0 = Debug|Any CPU
		{EA29C498-9D31-40E5-B9AC-6703EBB1CFC9}.Release|Any CPU.ActiveCfg = Release|Any CPU
		{EA29C498-9D31-40E5-B9AC-6703EBB1CFC9}.Release|Any CPU.Build.0 = Release|Any CPU
		{EA29C498-9D31-40E5-B9AC-6703EBB1CFC9}.Release|x64.ActiveCfg = Release|Any CPU
		{EA29C498-9D31-40E5-B9AC-6703EBB1CFC9}.Release|x64.Build.0 = Release|Any CPU
		{EA29C498-9D31-40E5-B9AC-6703EBB1CFC9}.Release|x86.ActiveCfg = Release|Any CPU
		{EA29C498-9D31-40E5-B9AC-6703EBB1CFC9}.Release|x86.Build.0 = Release|Any CPU
		{202A174E-6BF9-4238-AD97-A942370E1345}.Debug|Any CPU.ActiveCfg = Debug|Any CPU
		{202A174E-6BF9-4238-AD97-A942370E1345}.Debug|Any CPU.Build.0 = Debug|Any CPU
		{202A174E-6BF9-4238-AD97-A942370E1345}.Debug|x64.ActiveCfg = Debug|Any CPU
		{202A174E-6BF9-4238-AD97-A942370E1345}.Debug|x64.Build.0 = Debug|Any CPU
		{202A174E-6BF9-4238-AD97-A942370E1345}.Debug|x86.ActiveCfg = Debug|Any CPU
		{202A174E-6BF9-4238-AD97-A942370E1345}.Debug|x86.Build.0 = Debug|Any CPU
		{202A174E-6BF9-4238-AD97-A942370E1345}.Release|Any CPU.ActiveCfg = Release|Any CPU
		{202A174E-6BF9-4238-AD97-A942370E1345}.Release|Any CPU.Build.0 = Release|Any CPU
		{202A174E-6BF9-4238-AD97-A942370E1345}.Release|x64.ActiveCfg = Release|Any CPU
		{202A174E-6BF9-4238-AD97-A942370E1345}.Release|x64.Build.0 = Release|Any CPU
		{202A174E-6BF9-4238-AD97-A942370E1345}.Release|x86.ActiveCfg = Release|Any CPU
		{202A174E-6BF9-4238-AD97-A942370E1345}.Release|x86.Build.0 = Release|Any CPU
		{139072F6-A096-4D7E-9B7F-F0B4EC8D3F19}.Debug|Any CPU.ActiveCfg = Debug|Any CPU
		{139072F6-A096-4D7E-9B7F-F0B4EC8D3F19}.Debug|Any CPU.Build.0 = Debug|Any CPU
		{139072F6-A096-4D7E-9B7F-F0B4EC8D3F19}.Debug|x64.ActiveCfg = Debug|Any CPU
		{139072F6-A096-4D7E-9B7F-F0B4EC8D3F19}.Debug|x64.Build.0 = Debug|Any CPU
		{139072F6-A096-4D7E-9B7F-F0B4EC8D3F19}.Debug|x86.ActiveCfg = Debug|Any CPU
		{139072F6-A096-4D7E-9B7F-F0B4EC8D3F19}.Debug|x86.Build.0 = Debug|Any CPU
		{139072F6-A096-4D7E-9B7F-F0B4EC8D3F19}.Release|Any CPU.ActiveCfg = Release|Any CPU
		{139072F6-A096-4D7E-9B7F-F0B4EC8D3F19}.Release|Any CPU.Build.0 = Release|Any CPU
		{139072F6-A096-4D7E-9B7F-F0B4EC8D3F19}.Release|x64.ActiveCfg = Release|Any CPU
		{139072F6-A096-4D7E-9B7F-F0B4EC8D3F19}.Release|x64.Build.0 = Release|Any CPU
		{139072F6-A096-4D7E-9B7F-F0B4EC8D3F19}.Release|x86.ActiveCfg = Release|Any CPU
		{139072F6-A096-4D7E-9B7F-F0B4EC8D3F19}.Release|x86.Build.0 = Release|Any CPU
	EndGlobalSection
	GlobalSection(SolutionProperties) = preSolution
		HideSolutionNode = FALSE
	EndGlobalSection
	GlobalSection(NestedProjects) = preSolution
		{A772D4A6-635A-49A4-8431-C652CB2C3FF8} = {827E0CD3-B72D-47B6-A68D-7590B98EB39B}
		{CE2812FD-A248-4A88-B667-1B291EDF9382} = {827E0CD3-B72D-47B6-A68D-7590B98EB39B}
		{EA29C498-9D31-40E5-B9AC-6703EBB1CFC9} = {827E0CD3-B72D-47B6-A68D-7590B98EB39B}
		{202A174E-6BF9-4238-AD97-A942370E1345} = {0AB3BF05-4346-4AA6-1389-037BE0695223}
		{139072F6-A096-4D7E-9B7F-F0B4EC8D3F19} = {0AB3BF05-4346-4AA6-1389-037BE0695223}
	EndGlobalSection
EndGlobal
